
Microsoft Visual Studio Solution File, Format Version 12.00
# Visual Studio Version 17
VisualStudioVersion = 17.10.35004.147
MinimumVisualStudioVersion = 10.0.40219.1
Project("{9A19103F-16F7-4668-BE54-9A1E7A4F7556}") = "TaskManagementV1", "TaskManagementV1.csproj", "{3EB4F13B-50CB-4884-8C34-DB67910EFF07}"
EndProject
Project("{9A19103F-16F7-4668-BE54-9A1E7A4F7556}") = "TaskDomain", "..\Domain\TaskDomain.csproj", "{96E3DAB6-5C49-42F7-95ED-B1BF3855CC4A}"
EndProject
Project("{9A19103F-16F7-4668-BE54-9A1E7A4F7556}") = "TaskApplication", "..\TaskServices\TaskApplication.csproj", "{ED3554C0-4763-4867-96A0-EA89BD4A1827}"
EndProject
Project("{9A19103F-16F7-4668-BE54-9A1E7A4F7556}") = "TaskInfrastructure", "..\Infrastructure\TaskInfrastructure.csproj", "{017D6967-BCC7-4C71-A927-0404AB21D689}"
EndProject
Project("{FAE04EC0-301F-11D3-BF4B-00C04F79EFBC}") = "TaskManagementTests", "..\TaskManagementTests\TaskManagementTests.csproj", "{1EC86B11-441C-4349-91D4-1B77605F8A4F}"
EndProject
Global
	GlobalSection(SolutionConfigurationPlatforms) = preSolution
		Debug|Any CPU = Debug|Any CPU
		Release|Any CPU = Release|Any CPU
	EndGlobalSection
	GlobalSection(ProjectConfigurationPlatforms) = postSolution
		{3EB4F13B-50CB-4884-8C34-DB67910EFF07}.Debug|Any CPU.ActiveCfg = Debug|Any CPU
		{3EB4F13B-50CB-4884-8C34-DB67910EFF07}.Debug|Any CPU.Build.0 = Debug|Any CPU
		{3EB4F13B-50CB-4884-8C34-DB67910EFF07}.Release|Any CPU.ActiveCfg = Release|Any CPU
		{3EB4F13B-50CB-4884-8C34-DB67910EFF07}.Release|Any CPU.Build.0 = Release|Any CPU
		{96E3DAB6-5C49-42F7-95ED-B1BF3855CC4A}.Debug|Any CPU.ActiveCfg = Debug|Any CPU
		{96E3DAB6-5C49-42F7-95ED-B1BF3855CC4A}.Debug|Any CPU.Build.0 = Debug|Any CPU
		{96E3DAB6-5C49-42F7-95ED-B1BF3855CC4A}.Release|Any CPU.ActiveCfg = Release|Any CPU
		{96E3DAB6-5C49-42F7-95ED-B1BF3855CC4A}.Release|Any CPU.Build.0 = Release|Any CPU
		{ED3554C0-4763-4867-96A0-EA89BD4A1827}.Debug|Any CPU.ActiveCfg = Debug|Any CPU
		{ED3554C0-4763-4867-96A0-EA89BD4A1827}.Debug|Any CPU.Build.0 = Debug|Any CPU
		{ED3554C0-4763-4867-96A0-EA89BD4A1827}.Release|Any CPU.ActiveCfg = Release|Any CPU
		{ED3554C0-4763-4867-96A0-EA89BD4A1827}.Release|Any CPU.Build.0 = Release|Any CPU
		{017D6967-BCC7-4C71-A927-0404AB21D689}.Debug|Any CPU.ActiveCfg = Debug|Any CPU
		{017D6967-BCC7-4C71-A927-0404AB21D689}.Debug|Any CPU.Build.0 = Debug|Any CPU
		{017D6967-BCC7-4C71-A927-0404AB21D689}.Release|Any CPU.ActiveCfg = Release|Any CPU
		{017D6967-BCC7-4C71-A927-0404AB21D689}.Release|Any CPU.Build.0 = Release|Any CPU
		{1EC86B11-441C-4349-91D4-1B77605F8A4F}.Debug|Any CPU.ActiveCfg = Debug|Any CPU
		{1EC86B11-441C-4349-91D4-1B77605F8A4F}.Debug|Any CPU.Build.0 = Debug|Any CPU
		{1EC86B11-441C-4349-91D4-1B77605F8A4F}.Release|Any CPU.ActiveCfg = Release|Any CPU
		{1EC86B11-441C-4349-91D4-1B77605F8A4F}.Release|Any CPU.Build.0 = Release|Any CPU
	EndGlobalSection
	GlobalSection(SolutionProperties) = preSolution
		HideSolutionNode = FALSE
	EndGlobalSection
	GlobalSection(ExtensibilityGlobals) = postSolution
		SolutionGuid = {5093A68F-CF2D-44BC-B8C8-DC8B30A403C8}
	EndGlobalSection
EndGlobal
